
Microsoft Visual Studio Solution File, Format Version 12.00
# Visual Studio Version 16
VisualStudioVersion = 16.0.32901.82
MinimumVisualStudioVersion = 10.0.40219.1
Project("{8BC9CEB8-8B4A-11D0-8D11-00A0C91BC942}") = "client", "client\client.vcxproj", "{4A30DBC7-2CCE-408C-89C0-95EA4E67A148}"
	ProjectSection(ProjectDependencies) = postProject
		{2B2F77F2-ED58-474C-AB69-6B090C24EE10} = {2B2F77F2-ED58-474C-AB69-6B090C24EE10}
	EndProjectSection
EndProject
Project("{8BC9CEB8-8B4A-11D0-8D11-00A0C91BC942}") = "server", "server\server.vcxproj", "{64CB0293-427A-4FA4-A610-000C746563BC}"
	ProjectSection(ProjectDependencies) = postProject
		{2B2F77F2-ED58-474C-AB69-6B090C24EE10} = {2B2F77F2-ED58-474C-AB69-6B090C24EE10}
	EndProjectSection
EndProject
Project("{8BC9CEB8-8B4A-11D0-8D11-00A0C91BC942}") = "lib", "lib\lib.vcxproj", "{2B2F77F2-ED58-474C-AB69-6B090C24EE10}"
EndProject
Global
	GlobalSection(SolutionConfigurationPlatforms) = preSolution
		Debug|x64 = Debug|x64
		Debug|x86 = Debug|x86
		Release|x64 = Release|x64
		Release|x86 = Release|x86
	EndGlobalSection
	GlobalSection(ProjectConfigurationPlatforms) = postSolution
		{4A30DBC7-2CCE-408C-89C0-95EA4E67A148}.Debug|x64.ActiveCfg = Debug|x64
		{4A30DBC7-2CCE-408C-89C0-95EA4E67A148}.Debug|x64.Build.0 = Debug|x64
		{4A30DBC7-2CCE-408C-89C0-95EA4E67A148}.Debug|x86.ActiveCfg = Debug|Win32
		{4A30DBC7-2CCE-408C-89C0-95EA4E67A148}.Debug|x86.Build.0 = Debug|Win32
		{4A30DBC7-2CCE-408C-89C0-95EA4E67A148}.Release|x64.ActiveCfg = Release|x64
		{4A30DBC7-2CCE-408C-89C0-95EA4E67A148}.Release|x64.Build.0 = Release|x64
		{4A30DBC7-2CCE-408C-89C0-95EA4E67A148}.Release|x86.ActiveCfg = Release|Win32
		{4A30DBC7-2CCE-408C-89C0-95EA4E67A148}.Release|x86.Build.0 = Release|Win32
		{64CB0293-427A-4FA4-A610-000C746563BC}.Debug|x64.ActiveCfg = Debug|x64
		{64CB0293-427A-4FA4-A610-000C746563BC}.Debug|x64.Build.0 = Debug|x64
		{64CB0293-427A-4FA4-A610-000C746563BC}.Debug|x86.ActiveCfg = Debug|Win32
		{64CB0293-427A-4FA4-A610-000C746563BC}.Debug|x86.Build.0 = Debug|Win32
		{64CB0293-427A-4FA4-A610-000C746563BC}.Release|x64.ActiveCfg = Release|x64
		{64CB0293-427A-4FA4-A610-000C746563BC}.Release|x64.Build.0 = Release|x64
		{64CB0293-427A-4FA4-A610-000C746563BC}.Release|x86.ActiveCfg = Release|Win32
		{64CB0293-427A-4FA4-A610-000C746563BC}.Release|x86.Build.0 = Release|Win32
		{2B2F77F2-ED58-474C-AB69-6B090C24EE10}.Debug|x64.ActiveCfg = Debug|x64
		{2B2F77F2-ED58-474C-AB69-6B090C24EE10}.Debug|x64.Build.0 = Debug|x64
		{2B2F77F2-ED58-474C-AB69-6B090C24EE10}.Debug|x86.ActiveCfg = Debug|Win32
		{2B2F77F2-ED58-474C-AB69-6B090C24EE10}.Debug|x86.Build.0 = Debug|Win32
		{2B2F77F2-ED58-474C-AB69-6B090C24EE10}.Release|x64.ActiveCfg = Release|x64
		{2B2F77F2-ED58-474C-AB69-6B090C24EE10}.Release|x64.Build.0 = Release|x64
		{2B2F77F2-ED58-474C-AB69-6B090C24EE10}.Release|x86.ActiveCfg = Release|Win32
		{2B2F77F2-ED58-474C-AB69-6B090C24EE10}.Release|x86.Build.0 = Release|Win32
	EndGlobalSection
	GlobalSection(SolutionProperties) = preSolution
		HideSolutionNode = FALSE
	EndGlobalSection
	GlobalSection(ExtensibilityGlobals) = postSolution
		SolutionGuid = {8278DE48-EB1B-4B96-8DC7-7C2C79787476}
	EndGlobalSection
EndGlobal
